
Microsoft Visual Studio Solution File, Format Version 12.00
# Visual Studio Version 16
VisualStudioVersion = 16.0.32929.386
MinimumVisualStudioVersion = 10.0.40219.1
Project("{FAE04EC0-301F-11D3-BF4B-00C04F79EFBC}") = "Calc", "Calc\Calc.csproj", "{5F94A99A-CA0E-46A8-975F-11A57F0EE3F3}"
EndProject
Global
	GlobalSection(SolutionConfigurationPlatforms) = preSolution
		Debug|Any CPU = Debug|Any CPU
		Release|Any CPU = Release|Any CPU
	EndGlobalSection
	GlobalSection(ProjectConfigurationPlatforms) = postSolution
		{5F94A99A-CA0E-46A8-975F-11A57F0EE3F3}.Debug|Any CPU.ActiveCfg = Debug|Any CPU
		{5F94A99A-CA0E-46A8-975F-11A57F0EE3F3}.Debug|Any CPU.Build.0 = Debug|Any CPU
		{5F94A99A-CA0E-46A8-975F-11A57F0EE3F3}.Release|Any CPU.ActiveCfg = Release|Any CPU
		{5F94A99A-CA0E-46A8-975F-11A57F0EE3F3}.Release|Any CPU.Build.0 = Release|Any CPU
	EndGlobalSection
	GlobalSection(SolutionProperties) = preSolution
		HideSolutionNode = FALSE
	EndGlobalSection
	GlobalSection(ExtensibilityGlobals) = postSolution
		SolutionGuid = {6585F443-9DB5-4B10-9D52-5493F69B6E41}
	EndGlobalSection
EndGlobal
